
Microsoft Visual Studio Solution File, Format Version 12.00
# Visual Studio Version 17
VisualStudioVersion = 17.1.32421.90
MinimumVisualStudioVersion = 10.0.40219.1
Project("{FAE04EC0-301F-11D3-BF4B-00C04F79EFBC}") = "CityData.Web", "CityData\CityData.Web.csproj", "{69691887-CAA6-4666-9328-122B14101AF6}"
EndProject
Project("{FAE04EC0-301F-11D3-BF4B-00C04F79EFBC}") = "CityData.Domain", "CityData.Domain\CityData.Domain.csproj", "{46C9A254-536E-4F64-9188-D46679385FE8}"
EndProject
Project("{FAE04EC0-301F-11D3-BF4B-00C04F79EFBC}") = "CityData.Application", "CityData.Application\CityData.Application.csproj", "{4DF3CCE6-27BE-4B4D-A760-AF3415739DAB}"
EndProject
Project("{FAE04EC0-301F-11D3-BF4B-00C04F79EFBC}") = "CityData.Infrastructure", "CityData.Infrastructure\CityData.Infrastructure.csproj", "{C627F7D3-C91C-47A9-ABA2-CF4553441A97}"
EndProject
Project("{FAE04EC0-301F-11D3-BF4B-00C04F79EFBC}") = "CityData.Tests", "CityData.Tests\CityData.Tests.csproj", "{A7B29535-C9E5-4E1F-8FC3-EA2D4A040674}"
EndProject
Global
	GlobalSection(SolutionConfigurationPlatforms) = preSolution
		Debug|Any CPU = Debug|Any CPU
		Release|Any CPU = Release|Any CPU
	EndGlobalSection
	GlobalSection(ProjectConfigurationPlatforms) = postSolution
		{69691887-CAA6-4666-9328-122B14101AF6}.Debug|Any CPU.ActiveCfg = Debug|Any CPU
		{69691887-CAA6-4666-9328-122B14101AF6}.Debug|Any CPU.Build.0 = Debug|Any CPU
		{69691887-CAA6-4666-9328-122B14101AF6}.Release|Any CPU.ActiveCfg = Release|Any CPU
		{69691887-CAA6-4666-9328-122B14101AF6}.Release|Any CPU.Build.0 = Release|Any CPU
		{46C9A254-536E-4F64-9188-D46679385FE8}.Debug|Any CPU.ActiveCfg = Debug|Any CPU
		{46C9A254-536E-4F64-9188-D46679385FE8}.Debug|Any CPU.Build.0 = Debug|Any CPU
		{46C9A254-536E-4F64-9188-D46679385FE8}.Release|Any CPU.ActiveCfg = Release|Any CPU
		{46C9A254-536E-4F64-9188-D46679385FE8}.Release|Any CPU.Build.0 = Release|Any CPU
		{4DF3CCE6-27BE-4B4D-A760-AF3415739DAB}.Debug|Any CPU.ActiveCfg = Debug|Any CPU
		{4DF3CCE6-27BE-4B4D-A760-AF3415739DAB}.Debug|Any CPU.Build.0 = Debug|Any CPU
		{4DF3CCE6-27BE-4B4D-A760-AF3415739DAB}.Release|Any CPU.ActiveCfg = Release|Any CPU
		{4DF3CCE6-27BE-4B4D-A760-AF3415739DAB}.Release|Any CPU.Build.0 = Release|Any CPU
		{C627F7D3-C91C-47A9-ABA2-CF4553441A97}.Debug|Any CPU.ActiveCfg = Debug|Any CPU
		{C627F7D3-C91C-47A9-ABA2-CF4553441A97}.Debug|Any CPU.Build.0 = Debug|Any CPU
		{C627F7D3-C91C-47A9-ABA2-CF4553441A97}.Release|Any CPU.ActiveCfg = Release|Any CPU
		{C627F7D3-C91C-47A9-ABA2-CF4553441A97}.Release|Any CPU.Build.0 = Release|Any CPU
		{A7B29535-C9E5-4E1F-8FC3-EA2D4A040674}.Debug|Any CPU.ActiveCfg = Debug|Any CPU
		{A7B29535-C9E5-4E1F-8FC3-EA2D4A040674}.Debug|Any CPU.Build.0 = Debug|Any CPU
		{A7B29535-C9E5-4E1F-8FC3-EA2D4A040674}.Release|Any CPU.ActiveCfg = Release|Any CPU
		{A7B29535-C9E5-4E1F-8FC3-EA2D4A040674}.Release|Any CPU.Build.0 = Release|Any CPU
	EndGlobalSection
	GlobalSection(SolutionProperties) = preSolution
		HideSolutionNode = FALSE
	EndGlobalSection
	GlobalSection(ExtensibilityGlobals) = postSolution
		SolutionGuid = {DBE13821-742B-446B-86F6-4F7A5353DFBD}
	EndGlobalSection
EndGlobal
